// !$*UTF8*$!
{
	archiveVersion = 1;
	classes = {
	};
	objectVersion = 50;
	objects = {

/* Begin PBXBuildFile section */
		9DCA96383236F5D72F41A6CA /* Pods_XRPUpdate.framework in Frameworks */ = {isa = PBXBuildFile; fileRef = 0B9B522BD33E0B64B8429F1E /* Pods_XRPUpdate.framework */; };
		D41FBB6C20CC47EC009D3598 /* AppDelegate.swift in Sources */ = {isa = PBXBuildFile; fileRef = D41FBB6B20CC47EC009D3598 /* AppDelegate.swift */; };
		D41FBB6E20CC47EC009D3598 /* PriceViewController.swift in Sources */ = {isa = PBXBuildFile; fileRef = D41FBB6D20CC47EC009D3598 /* PriceViewController.swift */; };
		D41FBB7320CC47EC009D3598 /* Main.storyboard in Resources */ = {isa = PBXBuildFile; fileRef = D41FBB7120CC47EC009D3598 /* Main.storyboard */; };
		D41FBB7520CC47EE009D3598 /* Assets.xcassets in Resources */ = {isa = PBXBuildFile; fileRef = D41FBB7420CC47EE009D3598 /* Assets.xcassets */; };
		D41FBB7820CC47EE009D3598 /* LaunchScreen.storyboard in Resources */ = {isa = PBXBuildFile; fileRef = D41FBB7620CC47EE009D3598 /* LaunchScreen.storyboard */; };
		D41FBB8020CC752A009D3598 /* xrpIcon.png in Resources */ = {isa = PBXBuildFile; fileRef = D41FBB7F20CC752A009D3598 /* xrpIcon.png */; };
		D41FBB8520CC77C3009D3598 /* CoinDataModel.swift in Sources */ = {isa = PBXBuildFile; fileRef = D41FBB8420CC77C3009D3598 /* CoinDataModel.swift */; };
		D41FBB8A20CC8059009D3598 /* ArticleCellView.swift in Sources */ = {isa = PBXBuildFile; fileRef = D41FBB8920CC8059009D3598 /* ArticleCellView.swift */; };
		D41FBB8E20CC8727009D3598 /* ArticleModel.swift in Sources */ = {isa = PBXBuildFile; fileRef = D41FBB8D20CC8727009D3598 /* ArticleModel.swift */; };
		D41FBB9020CC91DC009D3598 /* ArticlesTableViewController.swift in Sources */ = {isa = PBXBuildFile; fileRef = D41FBB8F20CC91DC009D3598 /* ArticlesTableViewController.swift */; };
/* End PBXBuildFile section */

/* Begin PBXFileReference section */
		0B9B522BD33E0B64B8429F1E /* Pods_XRPUpdate.framework */ = {isa = PBXFileReference; explicitFileType = wrapper.framework; includeInIndex = 0; path = Pods_XRPUpdate.framework; sourceTree = BUILT_PRODUCTS_DIR; };
		41B43B846423593058A1C0D0 /* Pods-XRPUpdate.debug.xcconfig */ = {isa = PBXFileReference; includeInIndex = 1; lastKnownFileType = text.xcconfig; name = "Pods-XRPUpdate.debug.xcconfig"; path = "Pods/Target Support Files/Pods-XRPUpdate/Pods-XRPUpdate.debug.xcconfig"; sourceTree = "<group>"; };
		47C232C3A9D3D5C947B79F0E /* Pods-XRPUpdate.release.xcconfig */ = {isa = PBXFileReference; includeInIndex = 1; lastKnownFileType = text.xcconfig; name = "Pods-XRPUpdate.release.xcconfig"; path = "Pods/Target Support Files/Pods-XRPUpdate/Pods-XRPUpdate.release.xcconfig"; sourceTree = "<group>"; };
		D41FBB6820CC47EC009D3598 /* XRPUpdate.app */ = {isa = PBXFileReference; explicitFileType = wrapper.application; includeInIndex = 0; path = XRPUpdate.app; sourceTree = BUILT_PRODUCTS_DIR; };
		D41FBB6B20CC47EC009D3598 /* AppDelegate.swift */ = {isa = PBXFileReference; lastKnownFileType = sourcecode.swift; path = AppDelegate.swift; sourceTree = "<group>"; };
		D41FBB6D20CC47EC009D3598 /* PriceViewController.swift */ = {isa = PBXFileReference; lastKnownFileType = sourcecode.swift; path = PriceViewController.swift; sourceTree = "<group>"; };
		D41FBB7220CC47EC009D3598 /* Base */ = {isa = PBXFileReference; lastKnownFileType = file.storyboard; name = Base; path = Base.lproj/Main.storyboard; sourceTree = "<group>"; };
		D41FBB7420CC47EE009D3598 /* Assets.xcassets */ = {isa = PBXFileReference; lastKnownFileType = folder.assetcatalog; path = Assets.xcassets; sourceTree = "<group>"; };
		D41FBB7720CC47EE009D3598 /* Base */ = {isa = PBXFileReference; lastKnownFileType = file.storyboard; name = Base; path = Base.lproj/LaunchScreen.storyboard; sourceTree = "<group>"; };
		D41FBB7920CC47EE009D3598 /* Info.plist */ = {isa = PBXFileReference; lastKnownFileType = text.plist.xml; path = Info.plist; sourceTree = "<group>"; };
		D41FBB7F20CC752A009D3598 /* xrpIcon.png */ = {isa = PBXFileReference; lastKnownFileType = image.png; name = xrpIcon.png; path = Assets.xcassets/xrpIcon.png; sourceTree = "<group>"; };
		D41FBB8420CC77C3009D3598 /* CoinDataModel.swift */ = {isa = PBXFileReference; lastKnownFileType = sourcecode.swift; path = CoinDataModel.swift; sourceTree = "<group>"; };
		D41FBB8920CC8059009D3598 /* ArticleCellView.swift */ = {isa = PBXFileReference; lastKnownFileType = sourcecode.swift; path = ArticleCellView.swift; sourceTree = "<group>"; };
		D41FBB8D20CC8727009D3598 /* ArticleModel.swift */ = {isa = PBXFileReference; lastKnownFileType = sourcecode.swift; path = ArticleModel.swift; sourceTree = "<group>"; };
		D41FBB8F20CC91DC009D3598 /* ArticlesTableViewController.swift */ = {isa = PBXFileReference; lastKnownFileType = sourcecode.swift; path = ArticlesTableViewController.swift; sourceTree = "<group>"; };
/* End PBXFileReference section */

/* Begin PBXFrameworksBuildPhase section */
		D41FBB6520CC47EC009D3598 /* Frameworks */ = {
			isa = PBXFrameworksBuildPhase;
			buildActionMask = 2147483647;
			files = (
				9DCA96383236F5D72F41A6CA /* Pods_XRPUpdate.framework in Frameworks */,
			);
			runOnlyForDeploymentPostprocessing = 0;
		};
/* End PBXFrameworksBuildPhase section */

/* Begin PBXGroup section */
		3979AA522EA72F387357F262 /* Pods */ = {
			isa = PBXGroup;
			children = (
				41B43B846423593058A1C0D0 /* Pods-XRPUpdate.debug.xcconfig */,
				47C232C3A9D3D5C947B79F0E /* Pods-XRPUpdate.release.xcconfig */,
			);
			name = Pods;
			sourceTree = "<group>";
		};
		6C699DBF3CEA262E6DA45294 /* Frameworks */ = {
			isa = PBXGroup;
			children = (
				0B9B522BD33E0B64B8429F1E /* Pods_XRPUpdate.framework */,
			);
			name = Frameworks;
			sourceTree = "<group>";
		};
		D41FBB5F20CC47EC009D3598 = {
			isa = PBXGroup;
			children = (
				D41FBB6A20CC47EC009D3598 /* XRPUpdate */,
				D41FBB6920CC47EC009D3598 /* Products */,
				3979AA522EA72F387357F262 /* Pods */,
				6C699DBF3CEA262E6DA45294 /* Frameworks */,
			);
			sourceTree = "<group>";
		};
		D41FBB6920CC47EC009D3598 /* Products */ = {
			isa = PBXGroup;
			children = (
				D41FBB6820CC47EC009D3598 /* XRPUpdate.app */,
			);
			name = Products;
			sourceTree = "<group>";
		};
		D41FBB6A20CC47EC009D3598 /* XRPUpdate */ = {
			isa = PBXGroup;
			children = (
				D41FBB6B20CC47EC009D3598 /* AppDelegate.swift */,
				D41FBB8820CC7FDA009D3598 /* ArticleCell */,
				D41FBB8320CC7736009D3598 /* Models */,
				D41FBB8120CC7724009D3598 /* Controllers */,
				D41FBB8220CC772D009D3598 /* Views */,
				D41FBB7420CC47EE009D3598 /* Assets.xcassets */,
				D41FBB7F20CC752A009D3598 /* xrpIcon.png */,
				D41FBB7620CC47EE009D3598 /* LaunchScreen.storyboard */,
				D41FBB7920CC47EE009D3598 /* Info.plist */,
			);
			path = XRPUpdate;
			sourceTree = "<group>";
		};
		D41FBB8120CC7724009D3598 /* Controllers */ = {
			isa = PBXGroup;
			children = (
				D41FBB6D20CC47EC009D3598 /* PriceViewController.swift */,
				D41FBB8F20CC91DC009D3598 /* ArticlesTableViewController.swift */,
			);
			path = Controllers;
			sourceTree = "<group>";
		};
		D41FBB8220CC772D009D3598 /* Views */ = {
			isa = PBXGroup;
			children = (
				D41FBB7120CC47EC009D3598 /* Main.storyboard */,
			);
			path = Views;
			sourceTree = "<group>";
		};
		D41FBB8320CC7736009D3598 /* Models */ = {
			isa = PBXGroup;
			children = (
				D41FBB8420CC77C3009D3598 /* CoinDataModel.swift */,
				D41FBB8D20CC8727009D3598 /* ArticleModel.swift */,
			);
			path = Models;
			sourceTree = "<group>";
		};
		D41FBB8820CC7FDA009D3598 /* ArticleCell */ = {
			isa = PBXGroup;
			children = (
				D41FBB8920CC8059009D3598 /* ArticleCellView.swift */,
			);
			path = ArticleCell;
			sourceTree = "<group>";
		};
/* End PBXGroup section */

/* Begin PBXNativeTarget section */
		D41FBB6720CC47EC009D3598 /* XRPUpdate */ = {
			isa = PBXNativeTarget;
			buildConfigurationList = D41FBB7C20CC47EE009D3598 /* Build configuration list for PBXNativeTarget "XRPUpdate" */;
			buildPhases = (
				B47CDE3448C3052CBA0DACE2 /* [CP] Check Pods Manifest.lock */,
				D41FBB6420CC47EC009D3598 /* Sources */,
				D41FBB6520CC47EC009D3598 /* Frameworks */,
				D41FBB6620CC47EC009D3598 /* Resources */,
				D04A564DEC15010F038E6FED /* [CP] Embed Pods Frameworks */,
			);
			buildRules = (
			);
			dependencies = (
			);
			name = XRPUpdate;
			productName = XRPUpdate;
			productReference = D41FBB6820CC47EC009D3598 /* XRPUpdate.app */;
			productType = "com.apple.product-type.application";
		};
/* End PBXNativeTarget section */

/* Begin PBXProject section */
		D41FBB6020CC47EC009D3598 /* Project object */ = {
			isa = PBXProject;
			attributes = {
				LastSwiftUpdateCheck = 0930;
				LastUpgradeCheck = 0930;
				ORGANIZATIONNAME = "Jose Benavides";
				TargetAttributes = {
					D41FBB6720CC47EC009D3598 = {
						CreatedOnToolsVersion = 9.3;
					};
				};
			};
			buildConfigurationList = D41FBB6320CC47EC009D3598 /* Build configuration list for PBXProject "XRPUpdate" */;
			compatibilityVersion = "Xcode 9.3";
			developmentRegion = en;
			hasScannedForEncodings = 0;
			knownRegions = (
				en,
				Base,
			);
			mainGroup = D41FBB5F20CC47EC009D3598;
			productRefGroup = D41FBB6920CC47EC009D3598 /* Products */;
			projectDirPath = "";
			projectRoot = "";
			targets = (
				D41FBB6720CC47EC009D3598 /* XRPUpdate */,
			);
		};
/* End PBXProject section */

/* Begin PBXResourcesBuildPhase section */
		D41FBB6620CC47EC009D3598 /* Resources */ = {
			isa = PBXResourcesBuildPhase;
			buildActionMask = 2147483647;
			files = (
				D41FBB7820CC47EE009D3598 /* LaunchScreen.storyboard in Resources */,
				D41FBB8020CC752A009D3598 /* xrpIcon.png in Resources */,
				D41FBB7520CC47EE009D3598 /* Assets.xcassets in Resources */,
				D41FBB7320CC47EC009D3598 /* Main.storyboard in Resources */,
			);
			runOnlyForDeploymentPostprocessing = 0;
		};
/* End PBXResourcesBuildPhase section */

/* Begin PBXShellScriptBuildPhase section */
		B47CDE3448C3052CBA0DACE2 /* [CP] Check Pods Manifest.lock */ = {
			isa = PBXShellScriptBuildPhase;
			buildActionMask = 2147483647;
			files = (
			);
			inputPaths = (
				"${PODS_PODFILE_DIR_PATH}/Podfile.lock",
				"${PODS_ROOT}/Manifest.lock",
			);
			name = "[CP] Check Pods Manifest.lock";
			outputPaths = (
				"$(DERIVED_FILE_DIR)/Pods-XRPUpdate-checkManifestLockResult.txt",
			);
			runOnlyForDeploymentPostprocessing = 0;
			shellPath = /bin/sh;
			shellScript = "diff \"${PODS_PODFILE_DIR_PATH}/Podfile.lock\" \"${PODS_ROOT}/Manifest.lock\" > /dev/null\nif [ $? != 0 ] ; then\n    # print error to STDERR\n    echo \"error: The sandbox is not in sync with the Podfile.lock. Run 'pod install' or update your CocoaPods installation.\" >&2\n    exit 1\nfi\n# This output is used by Xcode 'outputs' to avoid re-running this script phase.\necho \"SUCCESS\" > \"${SCRIPT_OUTPUT_FILE_0}\"\n";
			showEnvVarsInLog = 0;
		};
		D04A564DEC15010F038E6FED /* [CP] Embed Pods Frameworks */ = {
			isa = PBXShellScriptBuildPhase;
			buildActionMask = 2147483647;
			files = (
			);
			inputPaths = (
				"${SRCROOT}/Pods/Target Support Files/Pods-XRPUpdate/Pods-XRPUpdate-frameworks.sh",
				"${BUILT_PRODUCTS_DIR}/Alamofire/Alamofire.framework",
				"${BUILT_PRODUCTS_DIR}/SwiftyJSON/SwiftyJSON.framework",
			);
			name = "[CP] Embed Pods Frameworks";
			outputPaths = (
				"${TARGET_BUILD_DIR}/${FRAMEWORKS_FOLDER_PATH}/Alamofire.framework",
				"${TARGET_BUILD_DIR}/${FRAMEWORKS_FOLDER_PATH}/SwiftyJSON.framework",
			);
			runOnlyForDeploymentPostprocessing = 0;
			shellPath = /bin/sh;
			shellScript = "\"${SRCROOT}/Pods/Target Support Files/Pods-XRPUpdate/Pods-XRPUpdate-frameworks.sh\"\n";
			showEnvVarsInLog = 0;
		};
/* End PBXShellScriptBuildPhase section */

/* Begin PBXSourcesBuildPhase section */
		D41FBB6420CC47EC009D3598 /* Sources */ = {
			isa = PBXSourcesBuildPhase;
			buildActionMask = 2147483647;
			files = (
				D41FBB9020CC91DC009D3598 /* ArticlesTableViewController.swift in Sources */,
				D41FBB8520CC77C3009D3598 /* CoinDataModel.swift in Sources */,
				D41FBB8E20CC8727009D3598 /* ArticleModel.swift in Sources */,
				D41FBB6C20CC47EC009D3598 /* AppDelegate.swift in Sources */,
				D41FBB6E20CC47EC009D3598 /* PriceViewController.swift in Sources */,
				D41FBB8A20CC8059009D3598 /* ArticleCellView.swift in Sources */,
			);
			runOnlyForDeploymentPostprocessing = 0;
		};
/* End PBXSourcesBuildPhase section */

/* Begin PBXVariantGroup section */
		D41FBB7120CC47EC009D3598 /* Main.storyboard */ = {
			isa = PBXVariantGroup;
			children = (
				D41FBB7220CC47EC009D3598 /* Base */,
			);
			name = Main.storyboard;
			sourceTree = "<group>";
		};
		D41FBB7620CC47EE009D3598 /* LaunchScreen.storyboard */ = {
			isa = PBXVariantGroup;
			children = (
				D41FBB7720CC47EE009D3598 /* Base */,
			);
			name = LaunchScreen.storyboard;
			sourceTree = "<group>";
		};
/* End PBXVariantGroup section */

/* Begin XCBuildConfiguration section */
		D41FBB7A20CC47EE009D3598 /* Debug */ = {
			isa = XCBuildConfiguration;
			buildSettings = {
				ALWAYS_SEARCH_USER_PATHS = NO;
				CLANG_ANALYZER_NONNULL = YES;
				CLANG_ANALYZER_NUMBER_OBJECT_CONVERSION = YES_AGGRESSIVE;
				CLANG_CXX_LANGUAGE_STANDARD = "gnu++14";
				CLANG_CXX_LIBRARY = "libc++";
				CLANG_ENABLE_MODULES = YES;
				CLANG_ENABLE_OBJC_ARC = YES;
				CLANG_ENABLE_OBJC_WEAK = YES;
				CLANG_WARN_BLOCK_CAPTURE_AUTORELEASING = YES;
				CLANG_WARN_BOOL_CONVERSION = YES;
				CLANG_WARN_COMMA = YES;
				CLANG_WARN_CONSTANT_CONVERSION = YES;
				CLANG_WARN_DEPRECATED_OBJC_IMPLEMENTATIONS = YES;
				CLANG_WARN_DIRECT_OBJC_ISA_USAGE = YES_ERROR;
				CLANG_WARN_DOCUMENTATION_COMMENTS = YES;
				CLANG_WARN_EMPTY_BODY = YES;
				CLANG_WARN_ENUM_CONVERSION = YES;
				CLANG_WARN_INFINITE_RECURSION = YES;
				CLANG_WARN_INT_CONVERSION = YES;
				CLANG_WARN_NON_LITERAL_NULL_CONVERSION = YES;
				CLANG_WARN_OBJC_IMPLICIT_RETAIN_SELF = YES;
				CLANG_WARN_OBJC_LITERAL_CONVERSION = YES;
				CLANG_WARN_OBJC_ROOT_CLASS = YES_ERROR;
				CLANG_WARN_RANGE_LOOP_ANALYSIS = YES;
				CLANG_WARN_STRICT_PROTOTYPES = YES;
				CLANG_WARN_SUSPICIOUS_MOVE = YES;
				CLANG_WARN_UNGUARDED_AVAILABILITY = YES_AGGRESSIVE;
				CLANG_WARN_UNREACHABLE_CODE = YES;
				CLANG_WARN__DUPLICATE_METHOD_MATCH = YES;
				CODE_SIGN_IDENTITY = "iPhone Developer";
				COPY_PHASE_STRIP = NO;
				DEBUG_INFORMATION_FORMAT = dwarf;
				ENABLE_STRICT_OBJC_MSGSEND = YES;
				ENABLE_TESTABILITY = YES;
				GCC_C_LANGUAGE_STANDARD = gnu11;
				GCC_DYNAMIC_NO_PIC = NO;
				GCC_NO_COMMON_BLOCKS = YES;
				GCC_OPTIMIZATION_LEVEL = 0;
				GCC_PREPROCESSOR_DEFINITIONS = (
					"DEBUG=1",
					"$(inherited)",
				);
				GCC_WARN_64_TO_32_BIT_CONVERSION = YES;
				GCC_WARN_ABOUT_RETURN_TYPE = YES_ERROR;
				GCC_WARN_UNDECLARED_SELECTOR = YES;
				GCC_WARN_UNINITIALIZED_AUTOS = YES_AGGRESSIVE;
				GCC_WARN_UNUSED_FUNCTION = YES;
				GCC_WARN_UNUSED_VARIABLE = YES;
				IPHONEOS_DEPLOYMENT_TARGET = 11.3;
				MTL_ENABLE_DEBUG_INFO = YES;
				ONLY_ACTIVE_ARCH = YES;
				SDKROOT = iphoneos;
				SWIFT_ACTIVE_COMPILATION_CONDITIONS = DEBUG;
				SWIFT_OPTIMIZATION_LEVEL = "-Onone";
			};
			name = Debug;
		};
		D41FBB7B20CC47EE009D3598 /* Release */ = {
			isa = XCBuildConfiguration;
			buildSettings = {
				ALWAYS_SEARCH_USER_PATHS = NO;
				CLANG_ANALYZER_NONNULL = YES;
				CLANG_ANALYZER_NUMBER_OBJECT_CONVERSION = YES_AGGRESSIVE;
				CLANG_CXX_LANGUAGE_STANDARD = "gnu++14";
				CLANG_CXX_LIBRARY = "libc++";
				CLANG_ENABLE_MODULES = YES;
				CLANG_ENABLE_OBJC_ARC = YES;
				CLANG_ENABLE_OBJC_WEAK = YES;
				CLANG_WARN_BLOCK_CAPTURE_AUTORELEASING = YES;
				CLANG_WARN_BOOL_CONVERSION = YES;
				CLANG_WARN_COMMA = YES;
				CLANG_WARN_CONSTANT_CONVERSION = YES;
				CLANG_WARN_DEPRECATED_OBJC_IMPLEMENTATIONS = YES;
				CLANG_WARN_DIRECT_OBJC_ISA_USAGE = YES_ERROR;
				CLANG_WARN_DOCUMENTATION_COMMENTS = YES;
				CLANG_WARN_EMPTY_BODY = YES;
				CLANG_WARN_ENUM_CONVERSION = YES;
				CLANG_WARN_INFINITE_RECURSION = YES;
				CLANG_WARN_INT_CONVERSION = YES;
				CLANG_WARN_NON_LITERAL_NULL_CONVERSION = YES;
				CLANG_WARN_OBJC_IMPLICIT_RETAIN_SELF = YES;
				CLANG_WARN_OBJC_LITERAL_CONVERSION = YES;
				CLANG_WARN_OBJC_ROOT_CLASS = YES_ERROR;
				CLANG_WARN_RANGE_LOOP_ANALYSIS = YES;
				CLANG_WARN_STRICT_PROTOTYPES = YES;
				CLANG_WARN_SUSPICIOUS_MOVE = YES;
				CLANG_WARN_UNGUARDED_AVAILABILITY = YES_AGGRESSIVE;
				CLANG_WARN_UNREACHABLE_CODE = YES;
				CLANG_WARN__DUPLICATE_METHOD_MATCH = YES;
				CODE_SIGN_IDENTITY = "iPhone Developer";
				COPY_PHASE_STRIP = NO;
				DEBUG_INFORMATION_FORMAT = "dwarf-with-dsym";
				ENABLE_NS_ASSERTIONS = NO;
				ENABLE_STRICT_OBJC_MSGSEND = YES;
				GCC_C_LANGUAGE_STANDARD = gnu11;
				GCC_NO_COMMON_BLOCKS = YES;
				GCC_WARN_64_TO_32_BIT_CONVERSION = YES;
				GCC_WARN_ABOUT_RETURN_TYPE = YES_ERROR;
				GCC_WARN_UNDECLARED_SELECTOR = YES;
				GCC_WARN_UNINITIALIZED_AUTOS = YES_AGGRESSIVE;
				GCC_WARN_UNUSED_FUNCTION = YES;
				GCC_WARN_UNUSED_VARIABLE = YES;
				IPHONEOS_DEPLOYMENT_TARGET = 11.3;
				MTL_ENABLE_DEBUG_INFO = NO;
				SDKROOT = iphoneos;
				SWIFT_COMPILATION_MODE = wholemodule;
				SWIFT_OPTIMIZATION_LEVEL = "-O";
				VALIDATE_PRODUCT = YES;
			};
			name = Release;
		};
		D41FBB7D20CC47EE009D3598 /* Debug */ = {
			isa = XCBuildConfiguration;
			baseConfigurationReference = 41B43B846423593058A1C0D0 /* Pods-XRPUpdate.debug.xcconfig */;
			buildSettings = {
				ASSETCATALOG_COMPILER_APPICON_NAME = AppIcon;
				CODE_SIGN_STYLE = Automatic;
				DEVELOPMENT_TEAM = 2AT9AA6JVF;
				INFOPLIST_FILE = XRPUpdate/Info.plist;
				LD_RUNPATH_SEARCH_PATHS = (
					"$(inherited)",
					"@executable_path/Frameworks",
				);
				PRODUCT_BUNDLE_IDENTIFIER = com.josebenavides.XRPUpdate;
				PRODUCT_NAME = "$(TARGET_NAME)";
				SWIFT_VERSION = 4.0;
				TARGETED_DEVICE_FAMILY = 1;
			};
			name = Debug;
		};
		D41FBB7E20CC47EE009D3598 /* Release */ = {
			isa = XCBuildConfiguration;
			baseConfigurationReference = 47C232C3A9D3D5C947B79F0E /* Pods-XRPUpdate.release.xcconfig */;
			buildSettings = {
				ASSETCATALOG_COMPILER_APPICON_NAME = AppIcon;
				CODE_SIGN_STYLE = Automatic;
				DEVELOPMENT_TEAM = 2AT9AA6JVF;
				INFOPLIST_FILE = XRPUpdate/Info.plist;
				LD_RUNPATH_SEARCH_PATHS = (
					"$(inherited)",
					"@executable_path/Frameworks",
				);
				PRODUCT_BUNDLE_IDENTIFIER = com.josebenavides.XRPUpdate;
				PRODUCT_NAME = "$(TARGET_NAME)";
				SWIFT_VERSION = 4.0;
				TARGETED_DEVICE_FAMILY = 1;
			};
			name = Release;
		};
/* End XCBuildConfiguration section */

/* Begin XCConfigurationList section */
		D41FBB6320CC47EC009D3598 /* Build configuration list for PBXProject "XRPUpdate" */ = {
			isa = XCConfigurationList;
			buildConfigurations = (
				D41FBB7A20CC47EE009D3598 /* Debug */,
				D41FBB7B20CC47EE009D3598 /* Release */,
			);
			defaultConfigurationIsVisible = 0;
			defaultConfigurationName = Release;
		};
		D41FBB7C20CC47EE009D3598 /* Build configuration list for PBXNativeTarget "XRPUpdate" */ = {
			isa = XCConfigurationList;
			buildConfigurations = (
				D41FBB7D20CC47EE009D3598 /* Debug */,
				D41FBB7E20CC47EE009D3598 /* Release */,
			);
			defaultConfigurationIsVisible = 0;
			defaultConfigurationName = Release;
		};
/* End XCConfigurationList section */
	};
	rootObject = D41FBB6020CC47EC009D3598 /* Project object */;
}
